
Microsoft Visual Studio Solution File, Format Version 12.00
# Visual Studio Version 17
VisualStudioVersion = 17.0.31903.59
MinimumVisualStudioVersion = 10.0.40219.1
Project("{9A19103F-16F7-4668-BE54-9A1E7A4F7556}") = "BandoriBot", "BandoriBotCore\BandoriBot.csproj", "{6E437A51-62A4-4090-9A22-1459FA7998F4}"
EndProject
Project("{9A19103F-16F7-4668-BE54-9A1E7A4F7556}") = "SekaiClient", "SekaiClient\SekaiClient.csproj", "{15C2B7D6-FAC3-4746-A1C8-87FDF927C70C}"
EndProject
Project("{2150E333-8FDC-42A3-9474-1A3956D46DE8}") = "Solution Items", "Solution Items", "{25A46F5D-484D-402F-A928-EF3C1C80C05E}"
	ProjectSection(SolutionItems) = preProject
		.editorconfig = .editorconfig
	EndProjectSection
EndProject
Project("{9A19103F-16F7-4668-BE54-9A1E7A4F7556}") = "TrClient", "TrProtocol\TrClient\TrClient.csproj", "{4FC56620-87F9-4670-BE3B-6A111A6C838E}"
EndProject
Project("{9A19103F-16F7-4668-BE54-9A1E7A4F7556}") = "TrProtocol", "TrProtocol\TrProtocol\TrProtocol.csproj", "{E0C2BF00-449D-486C-93F3-69732264995D}"
EndProject
Project("{9A19103F-16F7-4668-BE54-9A1E7A4F7556}") = "Sora", "Sora\Sora\Sora.csproj", "{FF77978D-3993-4E3E-B337-BDE31A0E6AB6}"
EndProject
Project("{9A19103F-16F7-4668-BE54-9A1E7A4F7556}") = "PCRApi", "PCRApi\PCRApi\PCRApi.csproj", "{BD347FD0-246F-403A-9588-DC5628659B88}"
EndProject
Project("{FAE04EC0-301F-11D3-BF4B-00C04F79EFBC}") = "MsgPack", "PCRApi\MsgPack\MsgPack.csproj", "{A2097E23-A7CE-4D55-A0A7-95D350727ADF}"
EndProject
Project("{9A19103F-16F7-4668-BE54-9A1E7A4F7556}") = "PCRChart", "PCRApi\PCRChart\PCRChart.csproj", "{593F804D-4D45-4288-873E-FDDBE2549706}"
EndProject
Project("{9A19103F-16F7-4668-BE54-9A1E7A4F7556}") = "BasePlugin", "BasePlugin\BasePlugin.csproj", "{B55039B4-BBDB-4C0E-8C92-7BD1965074B2}"
EndProject
Project("{9A19103F-16F7-4668-BE54-9A1E7A4F7556}") = "ActionParameterSerializer", "PCRApi\ActionParameterSerializer\ActionParameterSerializer.csproj", "{3FE765E2-2406-414D-9A11-30C90602EA8A}"
EndProject
Project("{9A19103F-16F7-4668-BE54-9A1E7A4F7556}") = "GoWasmWrapper", "GoWasmWrapper\GoWasmWrapper\GoWasmWrapper.csproj", "{A7885470-01DB-4AD7-9950-1F17B75A667D}"
EndProject
Global
	GlobalSection(SolutionConfigurationPlatforms) = preSolution
		Debug|Any CPU = Debug|Any CPU
		Debug|x64 = Debug|x64
		Debug|x86 = Debug|x86
		Release|Any CPU = Release|Any CPU
		Release|x64 = Release|x64
		Release|x86 = Release|x86
	EndGlobalSection
	GlobalSection(ProjectConfigurationPlatforms) = postSolution
		{6E437A51-62A4-4090-9A22-1459FA7998F4}.Debug|Any CPU.ActiveCfg = Debug|Any CPU
		{6E437A51-62A4-4090-9A22-1459FA7998F4}.Debug|Any CPU.Build.0 = Debug|Any CPU
		{6E437A51-62A4-4090-9A22-1459FA7998F4}.Debug|x64.ActiveCfg = Debug|Any CPU
		{6E437A51-62A4-4090-9A22-1459FA7998F4}.Debug|x64.Build.0 = Debug|Any CPU
		{6E437A51-62A4-4090-9A22-1459FA7998F4}.Debug|x86.ActiveCfg = Debug|Any CPU
		{6E437A51-62A4-4090-9A22-1459FA7998F4}.Debug|x86.Build.0 = Debug|Any CPU
		{6E437A51-62A4-4090-9A22-1459FA7998F4}.Release|Any CPU.ActiveCfg = Release|Any CPU
		{6E437A51-62A4-4090-9A22-1459FA7998F4}.Release|Any CPU.Build.0 = Release|Any CPU
		{6E437A51-62A4-4090-9A22-1459FA7998F4}.Release|x64.ActiveCfg = Release|Any CPU
		{6E437A51-62A4-4090-9A22-1459FA7998F4}.Release|x64.Build.0 = Release|Any CPU
		{6E437A51-62A4-4090-9A22-1459FA7998F4}.Release|x86.ActiveCfg = Release|Any CPU
		{6E437A51-62A4-4090-9A22-1459FA7998F4}.Release|x86.Build.0 = Release|Any CPU
		{15C2B7D6-FAC3-4746-A1C8-87FDF927C70C}.Debug|Any CPU.ActiveCfg = Debug|Any CPU
		{15C2B7D6-FAC3-4746-A1C8-87FDF927C70C}.Debug|Any CPU.Build.0 = Debug|Any CPU
		{15C2B7D6-FAC3-4746-A1C8-87FDF927C70C}.Debug|x64.ActiveCfg = Debug|Any CPU
		{15C2B7D6-FAC3-4746-A1C8-87FDF927C70C}.Debug|x64.Build.0 = Debug|Any CPU
		{15C2B7D6-FAC3-4746-A1C8-87FDF927C70C}.Debug|x86.ActiveCfg = Debug|Any CPU
		{15C2B7D6-FAC3-4746-A1C8-87FDF927C70C}.Debug|x86.Build.0 = Debug|Any CPU
		{15C2B7D6-FAC3-4746-A1C8-87FDF927C70C}.Release|Any CPU.ActiveCfg = Release|Any CPU
		{15C2B7D6-FAC3-4746-A1C8-87FDF927C70C}.Release|Any CPU.Build.0 = Release|Any CPU
		{15C2B7D6-FAC3-4746-A1C8-87FDF927C70C}.Release|x64.ActiveCfg = Release|Any CPU
		{15C2B7D6-FAC3-4746-A1C8-87FDF927C70C}.Release|x64.Build.0 = Release|Any CPU
		{15C2B7D6-FAC3-4746-A1C8-87FDF927C70C}.Release|x86.ActiveCfg = Release|Any CPU
		{15C2B7D6-FAC3-4746-A1C8-87FDF927C70C}.Release|x86.Build.0 = Release|Any CPU
		{4FC56620-87F9-4670-BE3B-6A111A6C838E}.Debug|Any CPU.ActiveCfg = Debug|Any CPU
		{4FC56620-87F9-4670-BE3B-6A111A6C838E}.Debug|Any CPU.Build.0 = Debug|Any CPU
		{4FC56620-87F9-4670-BE3B-6A111A6C838E}.Debug|x64.ActiveCfg = Debug|Any CPU
		{4FC56620-87F9-4670-BE3B-6A111A6C838E}.Debug|x64.Build.0 = Debug|Any CPU
		{4FC56620-87F9-4670-BE3B-6A111A6C838E}.Debug|x86.ActiveCfg = Debug|Any CPU
		{4FC56620-87F9-4670-BE3B-6A111A6C838E}.Debug|x86.Build.0 = Debug|Any CPU
		{4FC56620-87F9-4670-BE3B-6A111A6C838E}.Release|Any CPU.ActiveCfg = Release|Any CPU
		{4FC56620-87F9-4670-BE3B-6A111A6C838E}.Release|Any CPU.Build.0 = Release|Any CPU
		{4FC56620-87F9-4670-BE3B-6A111A6C838E}.Release|x64.ActiveCfg = Release|Any CPU
		{4FC56620-87F9-4670-BE3B-6A111A6C838E}.Release|x64.Build.0 = Release|Any CPU
		{4FC56620-87F9-4670-BE3B-6A111A6C838E}.Release|x86.ActiveCfg = Release|Any CPU
		{4FC56620-87F9-4670-BE3B-6A111A6C838E}.Release|x86.Build.0 = Release|Any CPU
		{E0C2BF00-449D-486C-93F3-69732264995D}.Debug|Any CPU.ActiveCfg = Debug|Any CPU
		{E0C2BF00-449D-486C-93F3-69732264995D}.Debug|Any CPU.Build.0 = Debug|Any CPU
		{E0C2BF00-449D-486C-93F3-69732264995D}.Debug|x64.ActiveCfg = Debug|Any CPU
		{E0C2BF00-449D-486C-93F3-69732264995D}.Debug|x64.Build.0 = Debug|Any CPU
		{E0C2BF00-449D-486C-93F3-69732264995D}.Debug|x86.ActiveCfg = Debug|Any CPU
		{E0C2BF00-449D-486C-93F3-69732264995D}.Debug|x86.Build.0 = Debug|Any CPU
		{E0C2BF00-449D-486C-93F3-69732264995D}.Release|Any CPU.ActiveCfg = Release|Any CPU
		{E0C2BF00-449D-486C-93F3-69732264995D}.Release|Any CPU.Build.0 = Release|Any CPU
		{E0C2BF00-449D-486C-93F3-69732264995D}.Release|x64.ActiveCfg = Release|Any CPU
		{E0C2BF00-449D-486C-93F3-69732264995D}.Release|x64.Build.0 = Release|Any CPU
		{E0C2BF00-449D-486C-93F3-69732264995D}.Release|x86.ActiveCfg = Release|Any CPU
		{E0C2BF00-449D-486C-93F3-69732264995D}.Release|x86.Build.0 = Release|Any CPU
		{FF77978D-3993-4E3E-B337-BDE31A0E6AB6}.Debug|Any CPU.ActiveCfg = Debug|Any CPU
		{FF77978D-3993-4E3E-B337-BDE31A0E6AB6}.Debug|Any CPU.Build.0 = Debug|Any CPU
		{FF77978D-3993-4E3E-B337-BDE31A0E6AB6}.Debug|x64.ActiveCfg = Debug|Any CPU
		{FF77978D-3993-4E3E-B337-BDE31A0E6AB6}.Debug|x64.Build.0 = Debug|Any CPU
		{FF77978D-3993-4E3E-B337-BDE31A0E6AB6}.Debug|x86.ActiveCfg = Debug|Any CPU
		{FF77978D-3993-4E3E-B337-BDE31A0E6AB6}.Debug|x86.Build.0 = Debug|Any CPU
		{FF77978D-3993-4E3E-B337-BDE31A0E6AB6}.Release|Any CPU.ActiveCfg = Release|Any CPU
		{FF77978D-3993-4E3E-B337-BDE31A0E6AB6}.Release|Any CPU.Build.0 = Release|Any CPU
		{FF77978D-3993-4E3E-B337-BDE31A0E6AB6}.Release|x64.ActiveCfg = Release|Any CPU
		{FF77978D-3993-4E3E-B337-BDE31A0E6AB6}.Release|x64.Build.0 = Release|Any CPU
		{FF77978D-3993-4E3E-B337-BDE31A0E6AB6}.Release|x86.ActiveCfg = Release|Any CPU
		{FF77978D-3993-4E3E-B337-BDE31A0E6AB6}.Release|x86.Build.0 = Release|Any CPU
		{BD347FD0-246F-403A-9588-DC5628659B88}.Debug|Any CPU.ActiveCfg = Debug|Any CPU
		{BD347FD0-246F-403A-9588-DC5628659B88}.Debug|Any CPU.Build.0 = Debug|Any CPU
		{BD347FD0-246F-403A-9588-DC5628659B88}.Debug|x64.ActiveCfg = Debug|Any CPU
		{BD347FD0-246F-403A-9588-DC5628659B88}.Debug|x64.Build.0 = Debug|Any CPU
		{BD347FD0-246F-403A-9588-DC5628659B88}.Debug|x86.ActiveCfg = Debug|Any CPU
		{BD347FD0-246F-403A-9588-DC5628659B88}.Debug|x86.Build.0 = Debug|Any CPU
		{BD347FD0-246F-403A-9588-DC5628659B88}.Release|Any CPU.ActiveCfg = Release|Any CPU
		{BD347FD0-246F-403A-9588-DC5628659B88}.Release|Any CPU.Build.0 = Release|Any CPU
		{BD347FD0-246F-403A-9588-DC5628659B88}.Release|x64.ActiveCfg = Release|Any CPU
		{BD347FD0-246F-403A-9588-DC5628659B88}.Release|x64.Build.0 = Release|Any CPU
		{BD347FD0-246F-403A-9588-DC5628659B88}.Release|x86.ActiveCfg = Release|Any CPU
		{BD347FD0-246F-403A-9588-DC5628659B88}.Release|x86.Build.0 = Release|Any CPU
		{A2097E23-A7CE-4D55-A0A7-95D350727ADF}.Debug|Any CPU.ActiveCfg = Debug|Any CPU
		{A2097E23-A7CE-4D55-A0A7-95D350727ADF}.Debug|Any CPU.Build.0 = Debug|Any CPU
		{A2097E23-A7CE-4D55-A0A7-95D350727ADF}.Debug|x64.ActiveCfg = Debug|Any CPU
		{A2097E23-A7CE-4D55-A0A7-95D350727ADF}.Debug|x64.Build.0 = Debug|Any CPU
		{A2097E23-A7CE-4D55-A0A7-95D350727ADF}.Debug|x86.ActiveCfg = Debug|Any CPU
		{A2097E23-A7CE-4D55-A0A7-95D350727ADF}.Debug|x86.Build.0 = Debug|Any CPU
		{A2097E23-A7CE-4D55-A0A7-95D350727ADF}.Release|Any CPU.ActiveCfg = Release|Any CPU
		{A2097E23-A7CE-4D55-A0A7-95D350727ADF}.Release|Any CPU.Build.0 = Release|Any CPU
		{A2097E23-A7CE-4D55-A0A7-95D350727ADF}.Release|x64.ActiveCfg = Release|Any CPU
		{A2097E23-A7CE-4D55-A0A7-95D350727ADF}.Release|x64.Build.0 = Release|Any CPU
		{A2097E23-A7CE-4D55-A0A7-95D350727ADF}.Release|x86.ActiveCfg = Release|Any CPU
		{A2097E23-A7CE-4D55-A0A7-95D350727ADF}.Release|x86.Build.0 = Release|Any CPU
		{593F804D-4D45-4288-873E-FDDBE2549706}.Debug|Any CPU.ActiveCfg = Debug|Any CPU
		{593F804D-4D45-4288-873E-FDDBE2549706}.Debug|Any CPU.Build.0 = Debug|Any CPU
		{593F804D-4D45-4288-873E-FDDBE2549706}.Debug|x64.ActiveCfg = Debug|Any CPU
		{593F804D-4D45-4288-873E-FDDBE2549706}.Debug|x64.Build.0 = Debug|Any CPU
		{593F804D-4D45-4288-873E-FDDBE2549706}.Debug|x86.ActiveCfg = Debug|Any CPU
		{593F804D-4D45-4288-873E-FDDBE2549706}.Debug|x86.Build.0 = Debug|Any CPU
		{593F804D-4D45-4288-873E-FDDBE2549706}.Release|Any CPU.ActiveCfg = Release|Any CPU
		{593F804D-4D45-4288-873E-FDDBE2549706}.Release|Any CPU.Build.0 = Release|Any CPU
		{593F804D-4D45-4288-873E-FDDBE2549706}.Release|x64.ActiveCfg = Release|Any CPU
		{593F804D-4D45-4288-873E-FDDBE2549706}.Release|x64.Build.0 = Release|Any CPU
		{593F804D-4D45-4288-873E-FDDBE2549706}.Release|x86.ActiveCfg = Release|Any CPU
		{593F804D-4D45-4288-873E-FDDBE2549706}.Release|x86.Build.0 = Release|Any CPU
		{B55039B4-BBDB-4C0E-8C92-7BD1965074B2}.Debug|Any CPU.ActiveCfg = Debug|Any CPU
		{B55039B4-BBDB-4C0E-8C92-7BD1965074B2}.Debug|Any CPU.Build.0 = Debug|Any CPU
		{B55039B4-BBDB-4C0E-8C92-7BD1965074B2}.Debug|x64.ActiveCfg = Debug|Any CPU
		{B55039B4-BBDB-4C0E-8C92-7BD1965074B2}.Debug|x64.Build.0 = Debug|Any CPU
		{B55039B4-BBDB-4C0E-8C92-7BD1965074B2}.Debug|x86.ActiveCfg = Debug|Any CPU
		{B55039B4-BBDB-4C0E-8C92-7BD1965074B2}.Debug|x86.Build.0 = Debug|Any CPU
		{B55039B4-BBDB-4C0E-8C92-7BD1965074B2}.Release|Any CPU.ActiveCfg = Release|Any CPU
		{B55039B4-BBDB-4C0E-8C92-7BD1965074B2}.Release|Any CPU.Build.0 = Release|Any CPU
		{B55039B4-BBDB-4C0E-8C92-7BD1965074B2}.Release|x64.ActiveCfg = Release|Any CPU
		{B55039B4-BBDB-4C0E-8C92-7BD1965074B2}.Release|x64.Build.0 = Release|Any CPU
		{B55039B4-BBDB-4C0E-8C92-7BD1965074B2}.Release|x86.ActiveCfg = Release|Any CPU
		{B55039B4-BBDB-4C0E-8C92-7BD1965074B2}.Release|x86.Build.0 = Release|Any CPU
		{3FE765E2-2406-414D-9A11-30C90602EA8A}.Debug|Any CPU.ActiveCfg = Debug|Any CPU
		{3FE765E2-2406-414D-9A11-30C90602EA8A}.Debug|Any CPU.Build.0 = Debug|Any CPU
		{3FE765E2-2406-414D-9A11-30C90602EA8A}.Debug|x64.ActiveCfg = Debug|Any CPU
		{3FE765E2-2406-414D-9A11-30C90602EA8A}.Debug|x64.Build.0 = Debug|Any CPU
		{3FE765E2-2406-414D-9A11-30C90602EA8A}.Debug|x86.ActiveCfg = Debug|Any CPU
		{3FE765E2-2406-414D-9A11-30C90602EA8A}.Debug|x86.Build.0 = Debug|Any CPU
		{3FE765E2-2406-414D-9A11-30C90602EA8A}.Release|Any CPU.ActiveCfg = Release|Any CPU
		{3FE765E2-2406-414D-9A11-30C90602EA8A}.Release|Any CPU.Build.0 = Release|Any CPU
		{3FE765E2-2406-414D-9A11-30C90602EA8A}.Release|x64.ActiveCfg = Release|Any CPU
		{3FE765E2-2406-414D-9A11-30C90602EA8A}.Release|x64.Build.0 = Release|Any CPU
		{3FE765E2-2406-414D-9A11-30C90602EA8A}.Release|x86.ActiveCfg = Release|Any CPU
		{3FE765E2-2406-414D-9A11-30C90602EA8A}.Release|x86.Build.0 = Release|Any CPU
		{A7885470-01DB-4AD7-9950-1F17B75A667D}.Debug|Any CPU.ActiveCfg = Debug|Any CPU
		{A7885470-01DB-4AD7-9950-1F17B75A667D}.Debug|Any CPU.Build.0 = Debug|Any CPU
		{A7885470-01DB-4AD7-9950-1F17B75A667D}.Debug|x64.ActiveCfg = Debug|Any CPU
		{A7885470-01DB-4AD7-9950-1F17B75A667D}.Debug|x64.Build.0 = Debug|Any CPU
		{A7885470-01DB-4AD7-9950-1F17B75A667D}.Debug|x86.ActiveCfg = Debug|Any CPU
		{A7885470-01DB-4AD7-9950-1F17B75A667D}.Debug|x86.Build.0 = Debug|Any CPU
		{A7885470-01DB-4AD7-9950-1F17B75A667D}.Release|Any CPU.ActiveCfg = Release|Any CPU
		{A7885470-01DB-4AD7-9950-1F17B75A667D}.Release|Any CPU.Build.0 = Release|Any CPU
		{A7885470-01DB-4AD7-9950-1F17B75A667D}.Release|x64.ActiveCfg = Release|Any CPU
		{A7885470-01DB-4AD7-9950-1F17B75A667D}.Release|x64.Build.0 = Release|Any CPU
		{A7885470-01DB-4AD7-9950-1F17B75A667D}.Release|x86.ActiveCfg = Release|Any CPU
		{A7885470-01DB-4AD7-9950-1F17B75A667D}.Release|x86.Build.0 = Release|Any CPU
	EndGlobalSection
	GlobalSection(SolutionProperties) = preSolution
		HideSolutionNode = FALSE
	EndGlobalSection
	GlobalSection(ExtensibilityGlobals) = postSolution
		SolutionGuid = {BE29B304-2D95-4D0C-8D9E-4FD2475A1B53}
	EndGlobalSection
EndGlobal
