
Microsoft Visual Studio Solution File, Format Version 12.00
# Visual Studio Version 16
VisualStudioVersion = 16.0.29905.134
MinimumVisualStudioVersion = 10.0.40219.1
Project("{9A19103F-16F7-4668-BE54-9A1E7A4F7556}") = "BandoriBot", "BandoriBotCore\BandoriBot.csproj", "{6E437A51-62A4-4090-9A22-1459FA7998F4}"
EndProject
Project("{FAE04EC0-301F-11D3-BF4B-00C04F79EFBC}") = "MsgPack", "MsgPack\MsgPack.csproj", "{A2097E23-A7CE-4D55-A0A7-95D350727ADF}"
EndProject
Project("{9A19103F-16F7-4668-BE54-9A1E7A4F7556}") = "SekaiClient", "SekaiClient\SekaiClient.csproj", "{15C2B7D6-FAC3-4746-A1C8-87FDF927C70C}"
EndProject
Project("{9A19103F-16F7-4668-BE54-9A1E7A4F7556}") = "Mirai-CSharp", "Mirai-CSharp\Mirai-CSharp\Mirai-CSharp.csproj", "{F484C48F-5AE1-4471-B43A-DCEB149831DD}"
EndProject
Global
	GlobalSection(SolutionConfigurationPlatforms) = preSolution
		Debug|Any CPU = Debug|Any CPU
		Release|Any CPU = Release|Any CPU
	EndGlobalSection
	GlobalSection(ProjectConfigurationPlatforms) = postSolution
		{6E437A51-62A4-4090-9A22-1459FA7998F4}.Debug|Any CPU.ActiveCfg = Debug|Any CPU
		{6E437A51-62A4-4090-9A22-1459FA7998F4}.Debug|Any CPU.Build.0 = Debug|Any CPU
		{6E437A51-62A4-4090-9A22-1459FA7998F4}.Release|Any CPU.ActiveCfg = Release|Any CPU
		{6E437A51-62A4-4090-9A22-1459FA7998F4}.Release|Any CPU.Build.0 = Release|Any CPU
		{A2097E23-A7CE-4D55-A0A7-95D350727ADF}.Debug|Any CPU.ActiveCfg = Debug|Any CPU
		{A2097E23-A7CE-4D55-A0A7-95D350727ADF}.Debug|Any CPU.Build.0 = Debug|Any CPU
		{A2097E23-A7CE-4D55-A0A7-95D350727ADF}.Release|Any CPU.ActiveCfg = Release|Any CPU
		{A2097E23-A7CE-4D55-A0A7-95D350727ADF}.Release|Any CPU.Build.0 = Release|Any CPU
		{15C2B7D6-FAC3-4746-A1C8-87FDF927C70C}.Debug|Any CPU.ActiveCfg = Debug|Any CPU
		{15C2B7D6-FAC3-4746-A1C8-87FDF927C70C}.Debug|Any CPU.Build.0 = Debug|Any CPU
		{15C2B7D6-FAC3-4746-A1C8-87FDF927C70C}.Release|Any CPU.ActiveCfg = Release|Any CPU
		{15C2B7D6-FAC3-4746-A1C8-87FDF927C70C}.Release|Any CPU.Build.0 = Release|Any CPU
		{F484C48F-5AE1-4471-B43A-DCEB149831DD}.Debug|Any CPU.ActiveCfg = Debug|Any CPU
		{F484C48F-5AE1-4471-B43A-DCEB149831DD}.Debug|Any CPU.Build.0 = Debug|Any CPU
		{F484C48F-5AE1-4471-B43A-DCEB149831DD}.Release|Any CPU.ActiveCfg = Release|Any CPU
		{F484C48F-5AE1-4471-B43A-DCEB149831DD}.Release|Any CPU.Build.0 = Release|Any CPU
	EndGlobalSection
	GlobalSection(SolutionProperties) = preSolution
		HideSolutionNode = FALSE
	EndGlobalSection
	GlobalSection(ExtensibilityGlobals) = postSolution
		SolutionGuid = {BE29B304-2D95-4D0C-8D9E-4FD2475A1B53}
	EndGlobalSection
EndGlobal
